// !$*UTF8*$!
{
	archiveVersion = 1;
	classes = {
	};
	objectVersion = 48;
	objects = {

/* Begin PBXBuildFile section */
		51EAA7FA64BD1DC13226314B /* Pods_Smack.framework in Frameworks */ = {isa = PBXBuildFile; fileRef = 0A5FB27841B935CA4888676D /* Pods_Smack.framework */; };
		550751161F4FC85600711FFA /* CreateAccountVC.swift in Sources */ = {isa = PBXBuildFile; fileRef = 550751151F4FC85600711FFA /* CreateAccountVC.swift */; };
		5593BB0B1F4E7C71007F8AD1 /* SWRevealViewController.m in Sources */ = {isa = PBXBuildFile; fileRef = 5593BB091F4E7C58007F8AD1 /* SWRevealViewController.m */; };
		5593BB0D1F4E9D44007F8AD1 /* GradientView.swift in Sources */ = {isa = PBXBuildFile; fileRef = 5593BB0C1F4E9D44007F8AD1 /* GradientView.swift */; };
		5593BB101F4FB6EF007F8AD1 /* Constants.swift in Sources */ = {isa = PBXBuildFile; fileRef = 5593BB0F1F4FB6EF007F8AD1 /* Constants.swift */; };
		5593BB121F4FC115007F8AD1 /* LoginVC.swift in Sources */ = {isa = PBXBuildFile; fileRef = 5593BB111F4FC115007F8AD1 /* LoginVC.swift */; };
		5598673B1F4E5402008E5D62 /* AppDelegate.swift in Sources */ = {isa = PBXBuildFile; fileRef = 5598673A1F4E5402008E5D62 /* AppDelegate.swift */; };
		559867401F4E5402008E5D62 /* Main.storyboard in Resources */ = {isa = PBXBuildFile; fileRef = 5598673E1F4E5402008E5D62 /* Main.storyboard */; };
		559867421F4E5402008E5D62 /* Assets.xcassets in Resources */ = {isa = PBXBuildFile; fileRef = 559867411F4E5402008E5D62 /* Assets.xcassets */; };
		559867451F4E5402008E5D62 /* LaunchScreen.storyboard in Resources */ = {isa = PBXBuildFile; fileRef = 559867431F4E5402008E5D62 /* LaunchScreen.storyboard */; };
		559867541F4E7789008E5D62 /* ChatVC.swift in Sources */ = {isa = PBXBuildFile; fileRef = 559867531F4E7789008E5D62 /* ChatVC.swift */; };
		559867561F4E7799008E5D62 /* ChannelVC.swift in Sources */ = {isa = PBXBuildFile; fileRef = 559867551F4E7799008E5D62 /* ChannelVC.swift */; };
/* End PBXBuildFile section */

/* Begin PBXFileReference section */
		0A5FB27841B935CA4888676D /* Pods_Smack.framework */ = {isa = PBXFileReference; explicitFileType = wrapper.framework; includeInIndex = 0; path = Pods_Smack.framework; sourceTree = BUILT_PRODUCTS_DIR; };
		4ED48AE39D85F559838EA34A /* Pods-Smack.debug.xcconfig */ = {isa = PBXFileReference; includeInIndex = 1; lastKnownFileType = text.xcconfig; name = "Pods-Smack.debug.xcconfig"; path = "Pods/Target Support Files/Pods-Smack/Pods-Smack.debug.xcconfig"; sourceTree = "<group>"; };
		550751151F4FC85600711FFA /* CreateAccountVC.swift */ = {isa = PBXFileReference; lastKnownFileType = sourcecode.swift; path = CreateAccountVC.swift; sourceTree = "<group>"; };
		5593BB081F4E7C58007F8AD1 /* SWRevealViewController.h */ = {isa = PBXFileReference; lastKnownFileType = sourcecode.c.h; path = SWRevealViewController.h; sourceTree = "<group>"; };
		5593BB091F4E7C58007F8AD1 /* SWRevealViewController.m */ = {isa = PBXFileReference; lastKnownFileType = sourcecode.c.objc; path = SWRevealViewController.m; sourceTree = "<group>"; };
		5593BB0A1F4E7C66007F8AD1 /* Smack-Bridging-Header.h */ = {isa = PBXFileReference; lastKnownFileType = sourcecode.c.h; path = "Smack-Bridging-Header.h"; sourceTree = "<group>"; };
		5593BB0C1F4E9D44007F8AD1 /* GradientView.swift */ = {isa = PBXFileReference; lastKnownFileType = sourcecode.swift; path = GradientView.swift; sourceTree = "<group>"; };
		5593BB0F1F4FB6EF007F8AD1 /* Constants.swift */ = {isa = PBXFileReference; lastKnownFileType = sourcecode.swift; path = Constants.swift; sourceTree = "<group>"; };
		5593BB111F4FC115007F8AD1 /* LoginVC.swift */ = {isa = PBXFileReference; lastKnownFileType = sourcecode.swift; path = LoginVC.swift; sourceTree = "<group>"; };
		559867371F4E5402008E5D62 /* Smack.app */ = {isa = PBXFileReference; explicitFileType = wrapper.application; includeInIndex = 0; path = Smack.app; sourceTree = BUILT_PRODUCTS_DIR; };
		5598673A1F4E5402008E5D62 /* AppDelegate.swift */ = {isa = PBXFileReference; lastKnownFileType = sourcecode.swift; path = AppDelegate.swift; sourceTree = "<group>"; };
		5598673F1F4E5402008E5D62 /* Base */ = {isa = PBXFileReference; lastKnownFileType = file.storyboard; name = Base; path = Base.lproj/Main.storyboard; sourceTree = "<group>"; };
		559867411F4E5402008E5D62 /* Assets.xcassets */ = {isa = PBXFileReference; lastKnownFileType = folder.assetcatalog; path = Assets.xcassets; sourceTree = "<group>"; };
		559867441F4E5402008E5D62 /* Base */ = {isa = PBXFileReference; lastKnownFileType = file.storyboard; name = Base; path = Base.lproj/LaunchScreen.storyboard; sourceTree = "<group>"; };
		559867461F4E5402008E5D62 /* Info.plist */ = {isa = PBXFileReference; lastKnownFileType = text.plist.xml; path = Info.plist; sourceTree = "<group>"; };
		559867531F4E7789008E5D62 /* ChatVC.swift */ = {isa = PBXFileReference; lastKnownFileType = sourcecode.swift; path = ChatVC.swift; sourceTree = "<group>"; };
		559867551F4E7799008E5D62 /* ChannelVC.swift */ = {isa = PBXFileReference; lastKnownFileType = sourcecode.swift; path = ChannelVC.swift; sourceTree = "<group>"; };
		DE34FA091B8FD59BA9462442 /* Pods-Smack.release.xcconfig */ = {isa = PBXFileReference; includeInIndex = 1; lastKnownFileType = text.xcconfig; name = "Pods-Smack.release.xcconfig"; path = "Pods/Target Support Files/Pods-Smack/Pods-Smack.release.xcconfig"; sourceTree = "<group>"; };
/* End PBXFileReference section */

/* Begin PBXFrameworksBuildPhase section */
		559867341F4E5402008E5D62 /* Frameworks */ = {
			isa = PBXFrameworksBuildPhase;
			buildActionMask = 2147483647;
			files = (
				51EAA7FA64BD1DC13226314B /* Pods_Smack.framework in Frameworks */,
			);
			runOnlyForDeploymentPostprocessing = 0;
		};
/* End PBXFrameworksBuildPhase section */

/* Begin PBXGroup section */
		0EFF50A36294FAB6202FABBD /* Pods */ = {
			isa = PBXGroup;
			children = (
				4ED48AE39D85F559838EA34A /* Pods-Smack.debug.xcconfig */,
				DE34FA091B8FD59BA9462442 /* Pods-Smack.release.xcconfig */,
			);
			name = Pods;
			sourceTree = "<group>";
		};
		5593BB0E1F4FB6DE007F8AD1 /* Utilities */ = {
			isa = PBXGroup;
			children = (
				5593BB0F1F4FB6EF007F8AD1 /* Constants.swift */,
			);
			path = Utilities;
			sourceTree = "<group>";
		};
		5598672E1F4E5402008E5D62 = {
			isa = PBXGroup;
			children = (
				559867391F4E5402008E5D62 /* Smack */,
				559867381F4E5402008E5D62 /* Products */,
				0EFF50A36294FAB6202FABBD /* Pods */,
				8684972F5EE6C916F77412AF /* Frameworks */,
			);
			sourceTree = "<group>";
		};
		559867381F4E5402008E5D62 /* Products */ = {
			isa = PBXGroup;
			children = (
				559867371F4E5402008E5D62 /* Smack.app */,
			);
			name = Products;
			sourceTree = "<group>";
		};
		559867391F4E5402008E5D62 /* Smack */ = {
			isa = PBXGroup;
			children = (
				5593BB0E1F4FB6DE007F8AD1 /* Utilities */,
				5598674C1F4E593C008E5D62 /* Supporting Files */,
				559867521F4E776F008E5D62 /* Model */,
				559867511F4E7762008E5D62 /* View */,
				559867501F4E7754008E5D62 /* Controller */,
				5598673A1F4E5402008E5D62 /* AppDelegate.swift */,
				5598673E1F4E5402008E5D62 /* Main.storyboard */,
				559867411F4E5402008E5D62 /* Assets.xcassets */,
				559867431F4E5402008E5D62 /* LaunchScreen.storyboard */,
				559867461F4E5402008E5D62 /* Info.plist */,
			);
			path = Smack;
			sourceTree = "<group>";
		};
		5598674C1F4E593C008E5D62 /* Supporting Files */ = {
			isa = PBXGroup;
			children = (
				5593BB081F4E7C58007F8AD1 /* SWRevealViewController.h */,
				5593BB091F4E7C58007F8AD1 /* SWRevealViewController.m */,
				5593BB0A1F4E7C66007F8AD1 /* Smack-Bridging-Header.h */,
			);
			path = "Supporting Files";
			sourceTree = "<group>";
		};
		559867501F4E7754008E5D62 /* Controller */ = {
			isa = PBXGroup;
			children = (
				559867531F4E7789008E5D62 /* ChatVC.swift */,
				559867551F4E7799008E5D62 /* ChannelVC.swift */,
				5593BB111F4FC115007F8AD1 /* LoginVC.swift */,
				550751151F4FC85600711FFA /* CreateAccountVC.swift */,
			);
			path = Controller;
			sourceTree = "<group>";
		};
		559867511F4E7762008E5D62 /* View */ = {
			isa = PBXGroup;
			children = (
				5593BB0C1F4E9D44007F8AD1 /* GradientView.swift */,
			);
			path = View;
			sourceTree = "<group>";
		};
		559867521F4E776F008E5D62 /* Model */ = {
			isa = PBXGroup;
			children = (
			);
			path = Model;
			sourceTree = "<group>";
		};
		8684972F5EE6C916F77412AF /* Frameworks */ = {
			isa = PBXGroup;
			children = (
				0A5FB27841B935CA4888676D /* Pods_Smack.framework */,
			);
			name = Frameworks;
			sourceTree = "<group>";
		};
/* End PBXGroup section */

/* Begin PBXNativeTarget section */
		559867361F4E5402008E5D62 /* Smack */ = {
			isa = PBXNativeTarget;
			buildConfigurationList = 559867491F4E5402008E5D62 /* Build configuration list for PBXNativeTarget "Smack" */;
			buildPhases = (
				50BCABE64DBA9D14C8BF0F99 /* [CP] Check Pods Manifest.lock */,
				559867331F4E5402008E5D62 /* Sources */,
				559867341F4E5402008E5D62 /* Frameworks */,
				559867351F4E5402008E5D62 /* Resources */,
				D22C14F21AAB04593262374C /* [CP] Embed Pods Frameworks */,
				48061B03EDD338C3BDA21969 /* [CP] Copy Pods Resources */,
			);
			buildRules = (
			);
			dependencies = (
			);
			name = Smack;
			productName = Smack;
			productReference = 559867371F4E5402008E5D62 /* Smack.app */;
			productType = "com.apple.product-type.application";
		};
/* End PBXNativeTarget section */

/* Begin PBXProject section */
		5598672F1F4E5402008E5D62 /* Project object */ = {
			isa = PBXProject;
			attributes = {
				LastSwiftUpdateCheck = 0900;
				LastUpgradeCheck = 0900;
				ORGANIZATIONNAME = "Dave Rothschild";
				TargetAttributes = {
					559867361F4E5402008E5D62 = {
						CreatedOnToolsVersion = 9.0;
						LastSwiftMigration = 0900;
					};
				};
			};
			buildConfigurationList = 559867321F4E5402008E5D62 /* Build configuration list for PBXProject "Smack" */;
			compatibilityVersion = "Xcode 8.0";
			developmentRegion = en;
			hasScannedForEncodings = 0;
			knownRegions = (
				en,
				Base,
			);
			mainGroup = 5598672E1F4E5402008E5D62;
			productRefGroup = 559867381F4E5402008E5D62 /* Products */;
			projectDirPath = "";
			projectRoot = "";
			targets = (
				559867361F4E5402008E5D62 /* Smack */,
			);
		};
/* End PBXProject section */

/* Begin PBXResourcesBuildPhase section */
		559867351F4E5402008E5D62 /* Resources */ = {
			isa = PBXResourcesBuildPhase;
			buildActionMask = 2147483647;
			files = (
				559867451F4E5402008E5D62 /* LaunchScreen.storyboard in Resources */,
				559867421F4E5402008E5D62 /* Assets.xcassets in Resources */,
				559867401F4E5402008E5D62 /* Main.storyboard in Resources */,
			);
			runOnlyForDeploymentPostprocessing = 0;
		};
/* End PBXResourcesBuildPhase section */

/* Begin PBXShellScriptBuildPhase section */
		48061B03EDD338C3BDA21969 /* [CP] Copy Pods Resources */ = {
			isa = PBXShellScriptBuildPhase;
			buildActionMask = 2147483647;
			files = (
			);
			inputPaths = (
			);
			name = "[CP] Copy Pods Resources";
			outputPaths = (
			);
			runOnlyForDeploymentPostprocessing = 0;
			shellPath = /bin/sh;
			shellScript = "\"${SRCROOT}/Pods/Target Support Files/Pods-Smack/Pods-Smack-resources.sh\"\n";
			showEnvVarsInLog = 0;
		};
		50BCABE64DBA9D14C8BF0F99 /* [CP] Check Pods Manifest.lock */ = {
			isa = PBXShellScriptBuildPhase;
			buildActionMask = 2147483647;
			files = (
			);
			inputPaths = (
			);
			name = "[CP] Check Pods Manifest.lock";
			outputPaths = (
			);
			runOnlyForDeploymentPostprocessing = 0;
			shellPath = /bin/sh;
			shellScript = "diff \"${PODS_ROOT}/../Podfile.lock\" \"${PODS_ROOT}/Manifest.lock\" > /dev/null\nif [ $? != 0 ] ; then\n    # print error to STDERR\n    echo \"error: The sandbox is not in sync with the Podfile.lock. Run 'pod install' or update your CocoaPods installation.\" >&2\n    exit 1\nfi\n";
			showEnvVarsInLog = 0;
		};
		D22C14F21AAB04593262374C /* [CP] Embed Pods Frameworks */ = {
			isa = PBXShellScriptBuildPhase;
			buildActionMask = 2147483647;
			files = (
			);
			inputPaths = (
			);
			name = "[CP] Embed Pods Frameworks";
			outputPaths = (
			);
			runOnlyForDeploymentPostprocessing = 0;
			shellPath = /bin/sh;
			shellScript = "\"${SRCROOT}/Pods/Target Support Files/Pods-Smack/Pods-Smack-frameworks.sh\"\n";
			showEnvVarsInLog = 0;
		};
/* End PBXShellScriptBuildPhase section */

/* Begin PBXSourcesBuildPhase section */
		559867331F4E5402008E5D62 /* Sources */ = {
			isa = PBXSourcesBuildPhase;
			buildActionMask = 2147483647;
			files = (
				559867541F4E7789008E5D62 /* ChatVC.swift in Sources */,
				559867561F4E7799008E5D62 /* ChannelVC.swift in Sources */,
				550751161F4FC85600711FFA /* CreateAccountVC.swift in Sources */,
				5593BB121F4FC115007F8AD1 /* LoginVC.swift in Sources */,
				5593BB0D1F4E9D44007F8AD1 /* GradientView.swift in Sources */,
				5598673B1F4E5402008E5D62 /* AppDelegate.swift in Sources */,
				5593BB0B1F4E7C71007F8AD1 /* SWRevealViewController.m in Sources */,
				5593BB101F4FB6EF007F8AD1 /* Constants.swift in Sources */,
			);
			runOnlyForDeploymentPostprocessing = 0;
		};
/* End PBXSourcesBuildPhase section */

/* Begin PBXVariantGroup section */
		5598673E1F4E5402008E5D62 /* Main.storyboard */ = {
			isa = PBXVariantGroup;
			children = (
				5598673F1F4E5402008E5D62 /* Base */,
			);
			name = Main.storyboard;
			sourceTree = "<group>";
		};
		559867431F4E5402008E5D62 /* LaunchScreen.storyboard */ = {
			isa = PBXVariantGroup;
			children = (
				559867441F4E5402008E5D62 /* Base */,
			);
			name = LaunchScreen.storyboard;
			sourceTree = "<group>";
		};
/* End PBXVariantGroup section */

/* Begin XCBuildConfiguration section */
		559867471F4E5402008E5D62 /* Debug */ = {
			isa = XCBuildConfiguration;
			buildSettings = {
				ALWAYS_SEARCH_USER_PATHS = NO;
				CLANG_ANALYZER_NONNULL = YES;
				CLANG_ANALYZER_NUMBER_OBJECT_CONVERSION = YES_AGGRESSIVE;
				CLANG_CXX_LANGUAGE_STANDARD = "gnu++14";
				CLANG_CXX_LIBRARY = "libc++";
				CLANG_ENABLE_MODULES = YES;
				CLANG_ENABLE_OBJC_ARC = YES;
				CLANG_WARN_BLOCK_CAPTURE_AUTORELEASING = YES;
				CLANG_WARN_BOOL_CONVERSION = YES;
				CLANG_WARN_COMMA = YES;
				CLANG_WARN_CONSTANT_CONVERSION = YES;
				CLANG_WARN_DIRECT_OBJC_ISA_USAGE = YES_ERROR;
				CLANG_WARN_DOCUMENTATION_COMMENTS = YES;
				CLANG_WARN_EMPTY_BODY = YES;
				CLANG_WARN_ENUM_CONVERSION = YES;
				CLANG_WARN_INFINITE_RECURSION = YES;
				CLANG_WARN_INT_CONVERSION = YES;
				CLANG_WARN_NON_LITERAL_NULL_CONVERSION = YES;
				CLANG_WARN_OBJC_LITERAL_CONVERSION = YES;
				CLANG_WARN_OBJC_ROOT_CLASS = YES_ERROR;
				CLANG_WARN_RANGE_LOOP_ANALYSIS = YES;
				CLANG_WARN_STRICT_PROTOTYPES = YES;
				CLANG_WARN_SUSPICIOUS_MOVE = YES;
				CLANG_WARN_UNGUARDED_AVAILABILITY = YES_AGGRESSIVE;
				CLANG_WARN_UNREACHABLE_CODE = YES;
				CLANG_WARN__DUPLICATE_METHOD_MATCH = YES;
				CODE_SIGN_IDENTITY = "iPhone Developer";
				COPY_PHASE_STRIP = NO;
				DEBUG_INFORMATION_FORMAT = dwarf;
				ENABLE_STRICT_OBJC_MSGSEND = YES;
				ENABLE_TESTABILITY = YES;
				GCC_C_LANGUAGE_STANDARD = gnu11;
				GCC_DYNAMIC_NO_PIC = NO;
				GCC_NO_COMMON_BLOCKS = YES;
				GCC_OPTIMIZATION_LEVEL = 0;
				GCC_PREPROCESSOR_DEFINITIONS = (
					"DEBUG=1",
					"$(inherited)",
				);
				GCC_WARN_64_TO_32_BIT_CONVERSION = YES;
				GCC_WARN_ABOUT_RETURN_TYPE = YES_ERROR;
				GCC_WARN_UNDECLARED_SELECTOR = YES;
				GCC_WARN_UNINITIALIZED_AUTOS = YES_AGGRESSIVE;
				GCC_WARN_UNUSED_FUNCTION = YES;
				GCC_WARN_UNUSED_VARIABLE = YES;
				IPHONEOS_DEPLOYMENT_TARGET = 11.0;
				MTL_ENABLE_DEBUG_INFO = YES;
				ONLY_ACTIVE_ARCH = YES;
				SDKROOT = iphoneos;
				SWIFT_ACTIVE_COMPILATION_CONDITIONS = DEBUG;
				SWIFT_OPTIMIZATION_LEVEL = "-Onone";
			};
			name = Debug;
		};
		559867481F4E5402008E5D62 /* Release */ = {
			isa = XCBuildConfiguration;
			buildSettings = {
				ALWAYS_SEARCH_USER_PATHS = NO;
				CLANG_ANALYZER_NONNULL = YES;
				CLANG_ANALYZER_NUMBER_OBJECT_CONVERSION = YES_AGGRESSIVE;
				CLANG_CXX_LANGUAGE_STANDARD = "gnu++14";
				CLANG_CXX_LIBRARY = "libc++";
				CLANG_ENABLE_MODULES = YES;
				CLANG_ENABLE_OBJC_ARC = YES;
				CLANG_WARN_BLOCK_CAPTURE_AUTORELEASING = YES;
				CLANG_WARN_BOOL_CONVERSION = YES;
				CLANG_WARN_COMMA = YES;
				CLANG_WARN_CONSTANT_CONVERSION = YES;
				CLANG_WARN_DIRECT_OBJC_ISA_USAGE = YES_ERROR;
				CLANG_WARN_DOCUMENTATION_COMMENTS = YES;
				CLANG_WARN_EMPTY_BODY = YES;
				CLANG_WARN_ENUM_CONVERSION = YES;
				CLANG_WARN_INFINITE_RECURSION = YES;
				CLANG_WARN_INT_CONVERSION = YES;
				CLANG_WARN_NON_LITERAL_NULL_CONVERSION = YES;
				CLANG_WARN_OBJC_LITERAL_CONVERSION = YES;
				CLANG_WARN_OBJC_ROOT_CLASS = YES_ERROR;
				CLANG_WARN_RANGE_LOOP_ANALYSIS = YES;
				CLANG_WARN_STRICT_PROTOTYPES = YES;
				CLANG_WARN_SUSPICIOUS_MOVE = YES;
				CLANG_WARN_UNGUARDED_AVAILABILITY = YES_AGGRESSIVE;
				CLANG_WARN_UNREACHABLE_CODE = YES;
				CLANG_WARN__DUPLICATE_METHOD_MATCH = YES;
				CODE_SIGN_IDENTITY = "iPhone Developer";
				COPY_PHASE_STRIP = NO;
				DEBUG_INFORMATION_FORMAT = "dwarf-with-dsym";
				ENABLE_NS_ASSERTIONS = NO;
				ENABLE_STRICT_OBJC_MSGSEND = YES;
				GCC_C_LANGUAGE_STANDARD = gnu11;
				GCC_NO_COMMON_BLOCKS = YES;
				GCC_WARN_64_TO_32_BIT_CONVERSION = YES;
				GCC_WARN_ABOUT_RETURN_TYPE = YES_ERROR;
				GCC_WARN_UNDECLARED_SELECTOR = YES;
				GCC_WARN_UNINITIALIZED_AUTOS = YES_AGGRESSIVE;
				GCC_WARN_UNUSED_FUNCTION = YES;
				GCC_WARN_UNUSED_VARIABLE = YES;
				IPHONEOS_DEPLOYMENT_TARGET = 11.0;
				MTL_ENABLE_DEBUG_INFO = NO;
				SDKROOT = iphoneos;
				SWIFT_OPTIMIZATION_LEVEL = "-Owholemodule";
				VALIDATE_PRODUCT = YES;
			};
			name = Release;
		};
		5598674A1F4E5402008E5D62 /* Debug */ = {
			isa = XCBuildConfiguration;
			baseConfigurationReference = 4ED48AE39D85F559838EA34A /* Pods-Smack.debug.xcconfig */;
			buildSettings = {
				ASSETCATALOG_COMPILER_APPICON_NAME = AppIcon;
				CLANG_ENABLE_MODULES = YES;
				DEVELOPMENT_TEAM = 64ZMRUDATB;
				INFOPLIST_FILE = Smack/Info.plist;
				LD_RUNPATH_SEARCH_PATHS = "$(inherited) @executable_path/Frameworks";
				PRODUCT_BUNDLE_IDENTIFIER = com.daverothschild.Smack;
				PRODUCT_NAME = "$(TARGET_NAME)";
				SWIFT_OBJC_BRIDGING_HEADER = "/Users/Dave/Dropbox/iOS-things/Udemy iOS-11 Course/Smack/Smack/Supporting Files/Smack-Bridging-Header.h";
				SWIFT_OPTIMIZATION_LEVEL = "-Onone";
				SWIFT_VERSION = 4.0;
				TARGETED_DEVICE_FAMILY = "1,2";
			};
			name = Debug;
		};
		5598674B1F4E5402008E5D62 /* Release */ = {
			isa = XCBuildConfiguration;
			baseConfigurationReference = DE34FA091B8FD59BA9462442 /* Pods-Smack.release.xcconfig */;
			buildSettings = {
				ASSETCATALOG_COMPILER_APPICON_NAME = AppIcon;
				CLANG_ENABLE_MODULES = YES;
				DEVELOPMENT_TEAM = 64ZMRUDATB;
				INFOPLIST_FILE = Smack/Info.plist;
				LD_RUNPATH_SEARCH_PATHS = "$(inherited) @executable_path/Frameworks";
				PRODUCT_BUNDLE_IDENTIFIER = com.daverothschild.Smack;
				PRODUCT_NAME = "$(TARGET_NAME)";
				SWIFT_OBJC_BRIDGING_HEADER = "/Users/Dave/Dropbox/iOS-things/Udemy iOS-11 Course/Smack/Smack/Supporting Files/Smack-Bridging-Header.h";
				SWIFT_VERSION = 4.0;
				TARGETED_DEVICE_FAMILY = "1,2";
			};
			name = Release;
		};
/* End XCBuildConfiguration section */

/* Begin XCConfigurationList section */
		559867321F4E5402008E5D62 /* Build configuration list for PBXProject "Smack" */ = {
			isa = XCConfigurationList;
			buildConfigurations = (
				559867471F4E5402008E5D62 /* Debug */,
				559867481F4E5402008E5D62 /* Release */,
			);
			defaultConfigurationIsVisible = 0;
			defaultConfigurationName = Release;
		};
		559867491F4E5402008E5D62 /* Build configuration list for PBXNativeTarget "Smack" */ = {
			isa = XCConfigurationList;
			buildConfigurations = (
				5598674A1F4E5402008E5D62 /* Debug */,
				5598674B1F4E5402008E5D62 /* Release */,
			);
			defaultConfigurationIsVisible = 0;
			defaultConfigurationName = Release;
		};
/* End XCConfigurationList section */
	};
	rootObject = 5598672F1F4E5402008E5D62 /* Project object */;
}
